// !$*UTF8*$!
{
	archiveVersion = 1;
	classes = {
	};
	objectVersion = 55;
	objects = {

/* Begin PBXBuildFile section */
		29CDB14A27049F07006DF6BF /* AppDelegate.swift in Sources */ = {isa = PBXBuildFile; fileRef = 29CDB14927049F07006DF6BF /* AppDelegate.swift */; };
		29CDB14E27049F07006DF6BF /* ViewController.swift in Sources */ = {isa = PBXBuildFile; fileRef = 29CDB14D27049F07006DF6BF /* ViewController.swift */; };
		29CDB15127049F07006DF6BF /* Main.storyboard in Resources */ = {isa = PBXBuildFile; fileRef = 29CDB14F27049F07006DF6BF /* Main.storyboard */; };
		29CDB15427049F07006DF6BF /* PracticalTest.xcdatamodeld in Sources */ = {isa = PBXBuildFile; fileRef = 29CDB15227049F07006DF6BF /* PracticalTest.xcdatamodeld */; };
		29CDB15627049F0C006DF6BF /* Assets.xcassets in Resources */ = {isa = PBXBuildFile; fileRef = 29CDB15527049F0C006DF6BF /* Assets.xcassets */; };
		29CDB15927049F0C006DF6BF /* LaunchScreen.storyboard in Resources */ = {isa = PBXBuildFile; fileRef = 29CDB15727049F0C006DF6BF /* LaunchScreen.storyboard */; };
		29CDB16227049F85006DF6BF /* joblist.json in Resources */ = {isa = PBXBuildFile; fileRef = 29CDB16127049F85006DF6BF /* joblist.json */; };
		29CDB16427049FA7006DF6BF /* PTApplication.swift in Sources */ = {isa = PBXBuildFile; fileRef = 29CDB16327049FA7006DF6BF /* PTApplication.swift */; };
		29CDB1662704A0BF006DF6BF /* UIStoryboard+Extensions.swift in Sources */ = {isa = PBXBuildFile; fileRef = 29CDB1652704A0BF006DF6BF /* UIStoryboard+Extensions.swift */; };
/* End PBXBuildFile section */

/* Begin PBXFileReference section */
		29CDB14627049F07006DF6BF /* PracticalTest.app */ = {isa = PBXFileReference; explicitFileType = wrapper.application; includeInIndex = 0; path = PracticalTest.app; sourceTree = BUILT_PRODUCTS_DIR; };
		29CDB14927049F07006DF6BF /* AppDelegate.swift */ = {isa = PBXFileReference; lastKnownFileType = sourcecode.swift; path = AppDelegate.swift; sourceTree = "<group>"; };
		29CDB14D27049F07006DF6BF /* ViewController.swift */ = {isa = PBXFileReference; lastKnownFileType = sourcecode.swift; path = ViewController.swift; sourceTree = "<group>"; };
		29CDB15027049F07006DF6BF /* Base */ = {isa = PBXFileReference; lastKnownFileType = file.storyboard; name = Base; path = Base.lproj/Main.storyboard; sourceTree = "<group>"; };
		29CDB15327049F07006DF6BF /* PracticalTest.xcdatamodel */ = {isa = PBXFileReference; lastKnownFileType = wrapper.xcdatamodel; path = PracticalTest.xcdatamodel; sourceTree = "<group>"; };
		29CDB15527049F0C006DF6BF /* Assets.xcassets */ = {isa = PBXFileReference; lastKnownFileType = folder.assetcatalog; path = Assets.xcassets; sourceTree = "<group>"; };
		29CDB15827049F0C006DF6BF /* Base */ = {isa = PBXFileReference; lastKnownFileType = file.storyboard; name = Base; path = Base.lproj/LaunchScreen.storyboard; sourceTree = "<group>"; };
		29CDB15A27049F0C006DF6BF /* Info.plist */ = {isa = PBXFileReference; lastKnownFileType = text.plist.xml; path = Info.plist; sourceTree = "<group>"; };
		29CDB16127049F85006DF6BF /* joblist.json */ = {isa = PBXFileReference; fileEncoding = 4; lastKnownFileType = text.json; path = joblist.json; sourceTree = "<group>"; };
		29CDB16327049FA7006DF6BF /* PTApplication.swift */ = {isa = PBXFileReference; lastKnownFileType = sourcecode.swift; path = PTApplication.swift; sourceTree = "<group>"; };
		29CDB1652704A0BF006DF6BF /* UIStoryboard+Extensions.swift */ = {isa = PBXFileReference; lastKnownFileType = sourcecode.swift; path = "UIStoryboard+Extensions.swift"; sourceTree = "<group>"; };
/* End PBXFileReference section */

/* Begin PBXFrameworksBuildPhase section */
		29CDB14327049F07006DF6BF /* Frameworks */ = {
			isa = PBXFrameworksBuildPhase;
			buildActionMask = 2147483647;
			files = (
			);
			runOnlyForDeploymentPostprocessing = 0;
		};
/* End PBXFrameworksBuildPhase section */

/* Begin PBXGroup section */
		29CDB13D27049F07006DF6BF = {
			isa = PBXGroup;
			children = (
				29CDB14827049F07006DF6BF /* PracticalTest */,
				29CDB14727049F07006DF6BF /* Products */,
			);
			sourceTree = "<group>";
		};
		29CDB14727049F07006DF6BF /* Products */ = {
			isa = PBXGroup;
			children = (
				29CDB14627049F07006DF6BF /* PracticalTest.app */,
			);
			name = Products;
			sourceTree = "<group>";
		};
		29CDB14827049F07006DF6BF /* PracticalTest */ = {
			isa = PBXGroup;
			children = (
				29CDB14927049F07006DF6BF /* AppDelegate.swift */,
				29CDB1692704A0E7006DF6BF /* View */,
				29CDB1682704A0DA006DF6BF /* Utility */,
				29CDB1672704A0CE006DF6BF /* Extensions */,
				29CDB16027049F70006DF6BF /* Data */,
				29CDB14F27049F07006DF6BF /* Main.storyboard */,
				29CDB15527049F0C006DF6BF /* Assets.xcassets */,
				29CDB15727049F0C006DF6BF /* LaunchScreen.storyboard */,
				29CDB15A27049F0C006DF6BF /* Info.plist */,
				29CDB15227049F07006DF6BF /* PracticalTest.xcdatamodeld */,
			);
			path = PracticalTest;
			sourceTree = "<group>";
		};
		29CDB16027049F70006DF6BF /* Data */ = {
			isa = PBXGroup;
			children = (
				29CDB16127049F85006DF6BF /* joblist.json */,
			);
			path = Data;
			sourceTree = "<group>";
		};
		29CDB1672704A0CE006DF6BF /* Extensions */ = {
			isa = PBXGroup;
			children = (
				29CDB1652704A0BF006DF6BF /* UIStoryboard+Extensions.swift */,
			);
			path = Extensions;
			sourceTree = "<group>";
		};
		29CDB1682704A0DA006DF6BF /* Utility */ = {
			isa = PBXGroup;
			children = (
				29CDB16327049FA7006DF6BF /* PTApplication.swift */,
			);
			path = Utility;
			sourceTree = "<group>";
		};
		29CDB1692704A0E7006DF6BF /* View */ = {
			isa = PBXGroup;
			children = (
				29CDB14D27049F07006DF6BF /* ViewController.swift */,
			);
			path = View;
			sourceTree = "<group>";
		};
/* End PBXGroup section */

/* Begin PBXNativeTarget section */
		29CDB14527049F07006DF6BF /* PracticalTest */ = {
			isa = PBXNativeTarget;
			buildConfigurationList = 29CDB15D27049F0C006DF6BF /* Build configuration list for PBXNativeTarget "PracticalTest" */;
			buildPhases = (
				29CDB14227049F07006DF6BF /* Sources */,
				29CDB14327049F07006DF6BF /* Frameworks */,
				29CDB14427049F07006DF6BF /* Resources */,
			);
			buildRules = (
			);
			dependencies = (
			);
			name = PracticalTest;
			productName = PracticalTest;
			productReference = 29CDB14627049F07006DF6BF /* PracticalTest.app */;
			productType = "com.apple.product-type.application";
		};
/* End PBXNativeTarget section */

/* Begin PBXProject section */
		29CDB13E27049F07006DF6BF /* Project object */ = {
			isa = PBXProject;
			attributes = {
				BuildIndependentTargetsInParallel = 1;
				LastSwiftUpdateCheck = 1300;
				LastUpgradeCheck = 1300;
				TargetAttributes = {
					29CDB14527049F07006DF6BF = {
						CreatedOnToolsVersion = 13.0;
					};
				};
			};
			buildConfigurationList = 29CDB14127049F07006DF6BF /* Build configuration list for PBXProject "PracticalTest" */;
			compatibilityVersion = "Xcode 13.0";
			developmentRegion = en;
			hasScannedForEncodings = 0;
			knownRegions = (
				en,
				Base,
			);
			mainGroup = 29CDB13D27049F07006DF6BF;
			productRefGroup = 29CDB14727049F07006DF6BF /* Products */;
			projectDirPath = "";
			projectRoot = "";
			targets = (
				29CDB14527049F07006DF6BF /* PracticalTest */,
			);
		};
/* End PBXProject section */

/* Begin PBXResourcesBuildPhase section */
		29CDB14427049F07006DF6BF /* Resources */ = {
			isa = PBXResourcesBuildPhase;
			buildActionMask = 2147483647;
			files = (
				29CDB15927049F0C006DF6BF /* LaunchScreen.storyboard in Resources */,
				29CDB15627049F0C006DF6BF /* Assets.xcassets in Resources */,
				29CDB15127049F07006DF6BF /* Main.storyboard in Resources */,
				29CDB16227049F85006DF6BF /* joblist.json in Resources */,
			);
			runOnlyForDeploymentPostprocessing = 0;
		};
/* End PBXResourcesBuildPhase section */

/* Begin PBXSourcesBuildPhase section */
		29CDB14227049F07006DF6BF /* Sources */ = {
			isa = PBXSourcesBuildPhase;
			buildActionMask = 2147483647;
			files = (
				29CDB1662704A0BF006DF6BF /* UIStoryboard+Extensions.swift in Sources */,
				29CDB14E27049F07006DF6BF /* ViewController.swift in Sources */,
				29CDB15427049F07006DF6BF /* PracticalTest.xcdatamodeld in Sources */,
				29CDB14A27049F07006DF6BF /* AppDelegate.swift in Sources */,
				29CDB16427049FA7006DF6BF /* PTApplication.swift in Sources */,
			);
			runOnlyForDeploymentPostprocessing = 0;
		};
/* End PBXSourcesBuildPhase section */

/* Begin PBXVariantGroup section */
		29CDB14F27049F07006DF6BF /* Main.storyboard */ = {
			isa = PBXVariantGroup;
			children = (
				29CDB15027049F07006DF6BF /* Base */,
			);
			name = Main.storyboard;
			sourceTree = "<group>";
		};
		29CDB15727049F0C006DF6BF /* LaunchScreen.storyboard */ = {
			isa = PBXVariantGroup;
			children = (
				29CDB15827049F0C006DF6BF /* Base */,
			);
			name = LaunchScreen.storyboard;
			sourceTree = "<group>";
		};
/* End PBXVariantGroup section */

/* Begin XCBuildConfiguration section */
		29CDB15B27049F0C006DF6BF /* Debug */ = {
			isa = XCBuildConfiguration;
			buildSettings = {
				ALWAYS_SEARCH_USER_PATHS = NO;
				CLANG_ANALYZER_NONNULL = YES;
				CLANG_ANALYZER_NUMBER_OBJECT_CONVERSION = YES_AGGRESSIVE;
				CLANG_CXX_LANGUAGE_STANDARD = "gnu++17";
				CLANG_CXX_LIBRARY = "libc++";
				CLANG_ENABLE_MODULES = YES;
				CLANG_ENABLE_OBJC_ARC = YES;
				CLANG_ENABLE_OBJC_WEAK = YES;
				CLANG_WARN_BLOCK_CAPTURE_AUTORELEASING = YES;
				CLANG_WARN_BOOL_CONVERSION = YES;
				CLANG_WARN_COMMA = YES;
				CLANG_WARN_CONSTANT_CONVERSION = YES;
				CLANG_WARN_DEPRECATED_OBJC_IMPLEMENTATIONS = YES;
				CLANG_WARN_DIRECT_OBJC_ISA_USAGE = YES_ERROR;
				CLANG_WARN_DOCUMENTATION_COMMENTS = YES;
				CLANG_WARN_EMPTY_BODY = YES;
				CLANG_WARN_ENUM_CONVERSION = YES;
				CLANG_WARN_INFINITE_RECURSION = YES;
				CLANG_WARN_INT_CONVERSION = YES;
				CLANG_WARN_NON_LITERAL_NULL_CONVERSION = YES;
				CLANG_WARN_OBJC_IMPLICIT_RETAIN_SELF = YES;
				CLANG_WARN_OBJC_LITERAL_CONVERSION = YES;
				CLANG_WARN_OBJC_ROOT_CLASS = YES_ERROR;
				CLANG_WARN_QUOTED_INCLUDE_IN_FRAMEWORK_HEADER = YES;
				CLANG_WARN_RANGE_LOOP_ANALYSIS = YES;
				CLANG_WARN_STRICT_PROTOTYPES = YES;
				CLANG_WARN_SUSPICIOUS_MOVE = YES;
				CLANG_WARN_UNGUARDED_AVAILABILITY = YES_AGGRESSIVE;
				CLANG_WARN_UNREACHABLE_CODE = YES;
				CLANG_WARN__DUPLICATE_METHOD_MATCH = YES;
				COPY_PHASE_STRIP = NO;
				DEBUG_INFORMATION_FORMAT = dwarf;
				ENABLE_STRICT_OBJC_MSGSEND = YES;
				ENABLE_TESTABILITY = YES;
				GCC_C_LANGUAGE_STANDARD = gnu11;
				GCC_DYNAMIC_NO_PIC = NO;
				GCC_NO_COMMON_BLOCKS = YES;
				GCC_OPTIMIZATION_LEVEL = 0;
				GCC_PREPROCESSOR_DEFINITIONS = (
					"DEBUG=1",
					"$(inherited)",
				);
				GCC_WARN_64_TO_32_BIT_CONVERSION = YES;
				GCC_WARN_ABOUT_RETURN_TYPE = YES_ERROR;
				GCC_WARN_UNDECLARED_SELECTOR = YES;
				GCC_WARN_UNINITIALIZED_AUTOS = YES_AGGRESSIVE;
				GCC_WARN_UNUSED_FUNCTION = YES;
				GCC_WARN_UNUSED_VARIABLE = YES;
				IPHONEOS_DEPLOYMENT_TARGET = 15.0;
				MTL_ENABLE_DEBUG_INFO = INCLUDE_SOURCE;
				MTL_FAST_MATH = YES;
				ONLY_ACTIVE_ARCH = YES;
				SDKROOT = iphoneos;
				SWIFT_ACTIVE_COMPILATION_CONDITIONS = DEBUG;
				SWIFT_OPTIMIZATION_LEVEL = "-Onone";
			};
			name = Debug;
		};
		29CDB15C27049F0C006DF6BF /* Release */ = {
			isa = XCBuildConfiguration;
			buildSettings = {
				ALWAYS_SEARCH_USER_PATHS = NO;
				CLANG_ANALYZER_NONNULL = YES;
				CLANG_ANALYZER_NUMBER_OBJECT_CONVERSION = YES_AGGRESSIVE;
				CLANG_CXX_LANGUAGE_STANDARD = "gnu++17";
				CLANG_CXX_LIBRARY = "libc++";
				CLANG_ENABLE_MODULES = YES;
				CLANG_ENABLE_OBJC_ARC = YES;
				CLANG_ENABLE_OBJC_WEAK = YES;
				CLANG_WARN_BLOCK_CAPTURE_AUTORELEASING = YES;
				CLANG_WARN_BOOL_CONVERSION = YES;
				CLANG_WARN_COMMA = YES;
				CLANG_WARN_CONSTANT_CONVERSION = YES;
				CLANG_WARN_DEPRECATED_OBJC_IMPLEMENTATIONS = YES;
				CLANG_WARN_DIRECT_OBJC_ISA_USAGE = YES_ERROR;
				CLANG_WARN_DOCUMENTATION_COMMENTS = YES;
				CLANG_WARN_EMPTY_BODY = YES;
				CLANG_WARN_ENUM_CONVERSION = YES;
				CLANG_WARN_INFINITE_RECURSION = YES;
				CLANG_WARN_INT_CONVERSION = YES;
				CLANG_WARN_NON_LITERAL_NULL_CONVERSION = YES;
				CLANG_WARN_OBJC_IMPLICIT_RETAIN_SELF = YES;
				CLANG_WARN_OBJC_LITERAL_CONVERSION = YES;
				CLANG_WARN_OBJC_ROOT_CLASS = YES_ERROR;
				CLANG_WARN_QUOTED_INCLUDE_IN_FRAMEWORK_HEADER = YES;
				CLANG_WARN_RANGE_LOOP_ANALYSIS = YES;
				CLANG_WARN_STRICT_PROTOTYPES = YES;
				CLANG_WARN_SUSPICIOUS_MOVE = YES;
				CLANG_WARN_UNGUARDED_AVAILABILITY = YES_AGGRESSIVE;
				CLANG_WARN_UNREACHABLE_CODE = YES;
				CLANG_WARN__DUPLICATE_METHOD_MATCH = YES;
				COPY_PHASE_STRIP = NO;
				DEBUG_INFORMATION_FORMAT = "dwarf-with-dsym";
				ENABLE_NS_ASSERTIONS = NO;
				ENABLE_STRICT_OBJC_MSGSEND = YES;
				GCC_C_LANGUAGE_STANDARD = gnu11;
				GCC_NO_COMMON_BLOCKS = YES;
				GCC_WARN_64_TO_32_BIT_CONVERSION = YES;
				GCC_WARN_ABOUT_RETURN_TYPE = YES_ERROR;
				GCC_WARN_UNDECLARED_SELECTOR = YES;
				GCC_WARN_UNINITIALIZED_AUTOS = YES_AGGRESSIVE;
				GCC_WARN_UNUSED_FUNCTION = YES;
				GCC_WARN_UNUSED_VARIABLE = YES;
				IPHONEOS_DEPLOYMENT_TARGET = 15.0;
				MTL_ENABLE_DEBUG_INFO = NO;
				MTL_FAST_MATH = YES;
				SDKROOT = iphoneos;
				SWIFT_COMPILATION_MODE = wholemodule;
				SWIFT_OPTIMIZATION_LEVEL = "-O";
				VALIDATE_PRODUCT = YES;
			};
			name = Release;
		};
		29CDB15E27049F0C006DF6BF /* Debug */ = {
			isa = XCBuildConfiguration;
			buildSettings = {
				ASSETCATALOG_COMPILER_APPICON_NAME = AppIcon;
				ASSETCATALOG_COMPILER_GLOBAL_ACCENT_COLOR_NAME = AccentColor;
				CODE_SIGN_STYLE = Automatic;
				CURRENT_PROJECT_VERSION = 1;
				DEVELOPMENT_TEAM = 9QZ2YJ5X3K;
				GENERATE_INFOPLIST_FILE = YES;
				INFOPLIST_FILE = PracticalTest/Info.plist;
				INFOPLIST_KEY_UIApplicationSupportsIndirectInputEvents = YES;
				INFOPLIST_KEY_UILaunchStoryboardName = LaunchScreen;
				INFOPLIST_KEY_UIMainStoryboardFile = Main;
				INFOPLIST_KEY_UISupportedInterfaceOrientations_iPad = "UIInterfaceOrientationPortrait UIInterfaceOrientationPortraitUpsideDown UIInterfaceOrientationLandscapeLeft UIInterfaceOrientationLandscapeRight";
				INFOPLIST_KEY_UISupportedInterfaceOrientations_iPhone = "UIInterfaceOrientationPortrait UIInterfaceOrientationLandscapeLeft UIInterfaceOrientationLandscapeRight";
				LD_RUNPATH_SEARCH_PATHS = (
					"$(inherited)",
					"@executable_path/Frameworks",
				);
				MARKETING_VERSION = 1.0;
				PRODUCT_BUNDLE_IDENTIFIER = com.PracticalTest;
				PRODUCT_NAME = "$(TARGET_NAME)";
				SWIFT_EMIT_LOC_STRINGS = YES;
				SWIFT_VERSION = 5.0;
				TARGETED_DEVICE_FAMILY = "1,2";
			};
			name = Debug;
		};
		29CDB15F27049F0C006DF6BF /* Release */ = {
			isa = XCBuildConfiguration;
			buildSettings = {
				ASSETCATALOG_COMPILER_APPICON_NAME = AppIcon;
				ASSETCATALOG_COMPILER_GLOBAL_ACCENT_COLOR_NAME = AccentColor;
				CODE_SIGN_STYLE = Automatic;
				CURRENT_PROJECT_VERSION = 1;
				DEVELOPMENT_TEAM = 9QZ2YJ5X3K;
				GENERATE_INFOPLIST_FILE = YES;
				INFOPLIST_FILE = PracticalTest/Info.plist;
				INFOPLIST_KEY_UIApplicationSupportsIndirectInputEvents = YES;
				INFOPLIST_KEY_UILaunchStoryboardName = LaunchScreen;
				INFOPLIST_KEY_UIMainStoryboardFile = Main;
				INFOPLIST_KEY_UISupportedInterfaceOrientations_iPad = "UIInterfaceOrientationPortrait UIInterfaceOrientationPortraitUpsideDown UIInterfaceOrientationLandscapeLeft UIInterfaceOrientationLandscapeRight";
				INFOPLIST_KEY_UISupportedInterfaceOrientations_iPhone = "UIInterfaceOrientationPortrait UIInterfaceOrientationLandscapeLeft UIInterfaceOrientationLandscapeRight";
				LD_RUNPATH_SEARCH_PATHS = (
					"$(inherited)",
					"@executable_path/Frameworks",
				);
				MARKETING_VERSION = 1.0;
				PRODUCT_BUNDLE_IDENTIFIER = com.PracticalTest;
				PRODUCT_NAME = "$(TARGET_NAME)";
				SWIFT_EMIT_LOC_STRINGS = YES;
				SWIFT_VERSION = 5.0;
				TARGETED_DEVICE_FAMILY = "1,2";
			};
			name = Release;
		};
/* End XCBuildConfiguration section */

/* Begin XCConfigurationList section */
		29CDB14127049F07006DF6BF /* Build configuration list for PBXProject "PracticalTest" */ = {
			isa = XCConfigurationList;
			buildConfigurations = (
				29CDB15B27049F0C006DF6BF /* Debug */,
				29CDB15C27049F0C006DF6BF /* Release */,
			);
			defaultConfigurationIsVisible = 0;
			defaultConfigurationName = Release;
		};
		29CDB15D27049F0C006DF6BF /* Build configuration list for PBXNativeTarget "PracticalTest" */ = {
			isa = XCConfigurationList;
			buildConfigurations = (
				29CDB15E27049F0C006DF6BF /* Debug */,
				29CDB15F27049F0C006DF6BF /* Release */,
			);
			defaultConfigurationIsVisible = 0;
			defaultConfigurationName = Release;
		};
/* End XCConfigurationList section */

/* Begin XCVersionGroup section */
		29CDB15227049F07006DF6BF /* PracticalTest.xcdatamodeld */ = {
			isa = XCVersionGroup;
			children = (
				29CDB15327049F07006DF6BF /* PracticalTest.xcdatamodel */,
			);
			currentVersion = 29CDB15327049F07006DF6BF /* PracticalTest.xcdatamodel */;
			path = PracticalTest.xcdatamodeld;
			sourceTree = "<group>";
			versionGroupType = wrapper.xcdatamodel;
		};
/* End XCVersionGroup section */
	};
	rootObject = 29CDB13E27049F07006DF6BF /* Project object */;
}
